
Microsoft Visual Studio Solution File, Format Version 12.00
# Visual Studio Version 17
VisualStudioVersion = 17.5.33530.505
MinimumVisualStudioVersion = 10.0.40219.1
Project("{9A19103F-16F7-4668-BE54-9A1E7A4F7556}") = "Taxi.API", "Taxi.API\Taxi.API.csproj", "{04CB66A2-23FC-42FB-9EF7-1140D93788C6}"
EndProject
Project("{9A19103F-16F7-4668-BE54-9A1E7A4F7556}") = "Taxi.DatabaseAccess", "Taxi.DatabaseAccess\Taxi.DatabaseAccess.csproj", "{6AFF949D-09E3-4AD3-8B4A-134CC9E204F4}"
EndProject
Project("{9A19103F-16F7-4668-BE54-9A1E7A4F7556}") = "Taxi.Domain", "Taxi.Domain\Taxi.Domain.csproj", "{7DB257F9-F3C1-43DE-B5DE-AC2F319F101F}"
EndProject
Project("{9A19103F-16F7-4668-BE54-9A1E7A4F7556}") = "Taxi.Application", "Taxi.Application\Taxi.Application.csproj", "{AACAD51A-313A-4804-805A-9C8B101F3E8C}"
	ProjectSection(ProjectDependencies) = postProject
		{6AFF949D-09E3-4AD3-8B4A-134CC9E204F4} = {6AFF949D-09E3-4AD3-8B4A-134CC9E204F4}
		{7DB257F9-F3C1-43DE-B5DE-AC2F319F101F} = {7DB257F9-F3C1-43DE-B5DE-AC2F319F101F}
	EndProjectSection
EndProject
Project("{9A19103F-16F7-4668-BE54-9A1E7A4F7556}") = "Taxi.Implementation", "Taxi.Implementation\Taxi.Implementation.csproj", "{2BD852F4-6816-47B3-B4C3-E21B057492A3}"
	ProjectSection(ProjectDependencies) = postProject
		{7DB257F9-F3C1-43DE-B5DE-AC2F319F101F} = {7DB257F9-F3C1-43DE-B5DE-AC2F319F101F}
	EndProjectSection
EndProject
Global
	GlobalSection(SolutionConfigurationPlatforms) = preSolution
		Debug|Any CPU = Debug|Any CPU
		Release|Any CPU = Release|Any CPU
	EndGlobalSection
	GlobalSection(ProjectConfigurationPlatforms) = postSolution
		{04CB66A2-23FC-42FB-9EF7-1140D93788C6}.Debug|Any CPU.ActiveCfg = Debug|Any CPU
		{04CB66A2-23FC-42FB-9EF7-1140D93788C6}.Debug|Any CPU.Build.0 = Debug|Any CPU
		{04CB66A2-23FC-42FB-9EF7-1140D93788C6}.Release|Any CPU.ActiveCfg = Release|Any CPU
		{04CB66A2-23FC-42FB-9EF7-1140D93788C6}.Release|Any CPU.Build.0 = Release|Any CPU
		{6AFF949D-09E3-4AD3-8B4A-134CC9E204F4}.Debug|Any CPU.ActiveCfg = Debug|Any CPU
		{6AFF949D-09E3-4AD3-8B4A-134CC9E204F4}.Debug|Any CPU.Build.0 = Debug|Any CPU
		{6AFF949D-09E3-4AD3-8B4A-134CC9E204F4}.Release|Any CPU.ActiveCfg = Release|Any CPU
		{6AFF949D-09E3-4AD3-8B4A-134CC9E204F4}.Release|Any CPU.Build.0 = Release|Any CPU
		{7DB257F9-F3C1-43DE-B5DE-AC2F319F101F}.Debug|Any CPU.ActiveCfg = Debug|Any CPU
		{7DB257F9-F3C1-43DE-B5DE-AC2F319F101F}.Debug|Any CPU.Build.0 = Debug|Any CPU
		{7DB257F9-F3C1-43DE-B5DE-AC2F319F101F}.Release|Any CPU.ActiveCfg = Release|Any CPU
		{7DB257F9-F3C1-43DE-B5DE-AC2F319F101F}.Release|Any CPU.Build.0 = Release|Any CPU
		{AACAD51A-313A-4804-805A-9C8B101F3E8C}.Debug|Any CPU.ActiveCfg = Debug|Any CPU
		{AACAD51A-313A-4804-805A-9C8B101F3E8C}.Debug|Any CPU.Build.0 = Debug|Any CPU
		{AACAD51A-313A-4804-805A-9C8B101F3E8C}.Release|Any CPU.ActiveCfg = Release|Any CPU
		{AACAD51A-313A-4804-805A-9C8B101F3E8C}.Release|Any CPU.Build.0 = Release|Any CPU
		{2BD852F4-6816-47B3-B4C3-E21B057492A3}.Debug|Any CPU.ActiveCfg = Debug|Any CPU
		{2BD852F4-6816-47B3-B4C3-E21B057492A3}.Debug|Any CPU.Build.0 = Debug|Any CPU
		{2BD852F4-6816-47B3-B4C3-E21B057492A3}.Release|Any CPU.ActiveCfg = Release|Any CPU
		{2BD852F4-6816-47B3-B4C3-E21B057492A3}.Release|Any CPU.Build.0 = Release|Any CPU
	EndGlobalSection
	GlobalSection(SolutionProperties) = preSolution
		HideSolutionNode = FALSE
	EndGlobalSection
	GlobalSection(ExtensibilityGlobals) = postSolution
		SolutionGuid = {DE99D78A-77E3-40AD-BECC-17B8B35FA635}
	EndGlobalSection
EndGlobal
