
Microsoft Visual Studio Solution File, Format Version 12.00
# Visual Studio Version 17
VisualStudioVersion = 17.5.33530.505
MinimumVisualStudioVersion = 10.0.40219.1
Project("{FAE04EC0-301F-11D3-BF4B-00C04F79EFBC}") = "Taxi.API", "Taxi.API\Taxi.API.csproj", "{04CB66A2-23FC-42FB-9EF7-1140D93788C6}"
EndProject
Project("{FAE04EC0-301F-11D3-BF4B-00C04F79EFBC}") = "Taxi.DatabaseAccess", "Taxi.DatabaseAccess\Taxi.DatabaseAccess.csproj", "{6AFF949D-09E3-4AD3-8B4A-134CC9E204F4}"
EndProject
Global
	GlobalSection(SolutionConfigurationPlatforms) = preSolution
		Debug|Any CPU = Debug|Any CPU
		Release|Any CPU = Release|Any CPU
	EndGlobalSection
	GlobalSection(ProjectConfigurationPlatforms) = postSolution
		{04CB66A2-23FC-42FB-9EF7-1140D93788C6}.Debug|Any CPU.ActiveCfg = Debug|Any CPU
		{04CB66A2-23FC-42FB-9EF7-1140D93788C6}.Debug|Any CPU.Build.0 = Debug|Any CPU
		{04CB66A2-23FC-42FB-9EF7-1140D93788C6}.Release|Any CPU.ActiveCfg = Release|Any CPU
		{04CB66A2-23FC-42FB-9EF7-1140D93788C6}.Release|Any CPU.Build.0 = Release|Any CPU
		{6AFF949D-09E3-4AD3-8B4A-134CC9E204F4}.Debug|Any CPU.ActiveCfg = Debug|Any CPU
		{6AFF949D-09E3-4AD3-8B4A-134CC9E204F4}.Debug|Any CPU.Build.0 = Debug|Any CPU
		{6AFF949D-09E3-4AD3-8B4A-134CC9E204F4}.Release|Any CPU.ActiveCfg = Release|Any CPU
		{6AFF949D-09E3-4AD3-8B4A-134CC9E204F4}.Release|Any CPU.Build.0 = Release|Any CPU
	EndGlobalSection
	GlobalSection(SolutionProperties) = preSolution
		HideSolutionNode = FALSE
	EndGlobalSection
	GlobalSection(ExtensibilityGlobals) = postSolution
		SolutionGuid = {DE99D78A-77E3-40AD-BECC-17B8B35FA635}
	EndGlobalSection
EndGlobal
